
Microsoft Visual Studio Solution File, Format Version 12.00
# Visual Studio 14
VisualStudioVersion = 14.0.24720.0
MinimumVisualStudioVersion = 10.0.40219.1
Project("{FAE04EC0-301F-11D3-BF4B-00C04F79EFBC}") = "Metrics", "ClassLibrary1\Metrics.csproj", "{BF8E635F-6C75-4A5E-BA2C-711D82D957C9}"
EndProject
Project("{FAE04EC0-301F-11D3-BF4B-00C04F79EFBC}") = "Common.DataStructures", "Common.DataStructures\Common.DataStructures.csproj", "{9B77BFB6-7F88-47AE-8A23-A6D1061713CE}"
EndProject
Project("{FAE04EC0-301F-11D3-BF4B-00C04F79EFBC}") = "MetricEditor", "MetricEditor\MetricEditor.csproj", "{9470F118-F42F-4BC0-BDC5-DB0092504809}"
EndProject
Project("{FAE04EC0-301F-11D3-BF4B-00C04F79EFBC}") = "SVGViewer", "SVGViewer\SVGViewer.csproj", "{16D74531-7F85-4384-BF5A-3C0A9A5D4F3E}"
EndProject
Project("{FAE04EC0-301F-11D3-BF4B-00C04F79EFBC}") = "Environment", "Environment\Environment.csproj", "{78732DD2-EF56-4507-AE86-7708EDDCB0BE}"
EndProject
Project("{FAE04EC0-301F-11D3-BF4B-00C04F79EFBC}") = "Tests", "Tests\Tests.csproj", "{49770A2F-6B3E-4AC3-8595-17E4355B6552}"
EndProject
Project("{2150E333-8FDC-42A3-9474-1A3956D46DE8}") = "Solution Items", "Solution Items", "{D52A0CCC-6BB2-42B7-94BE-51A14F63CDA2}"
	ProjectSection(SolutionItems) = preProject
		TODO.txt = TODO.txt
	EndProjectSection
EndProject
Global
	GlobalSection(SolutionConfigurationPlatforms) = preSolution
		Debug|Any CPU = Debug|Any CPU
		Debug|x64 = Debug|x64
		Debug|x86 = Debug|x86
		Release|Any CPU = Release|Any CPU
		Release|x64 = Release|x64
		Release|x86 = Release|x86
	EndGlobalSection
	GlobalSection(ProjectConfigurationPlatforms) = postSolution
		{BF8E635F-6C75-4A5E-BA2C-711D82D957C9}.Debug|Any CPU.ActiveCfg = Debug|Any CPU
		{BF8E635F-6C75-4A5E-BA2C-711D82D957C9}.Debug|Any CPU.Build.0 = Debug|Any CPU
		{BF8E635F-6C75-4A5E-BA2C-711D82D957C9}.Debug|x64.ActiveCfg = Debug|Any CPU
		{BF8E635F-6C75-4A5E-BA2C-711D82D957C9}.Debug|x64.Build.0 = Debug|Any CPU
		{BF8E635F-6C75-4A5E-BA2C-711D82D957C9}.Debug|x86.ActiveCfg = Debug|Any CPU
		{BF8E635F-6C75-4A5E-BA2C-711D82D957C9}.Debug|x86.Build.0 = Debug|Any CPU
		{BF8E635F-6C75-4A5E-BA2C-711D82D957C9}.Release|Any CPU.ActiveCfg = Release|Any CPU
		{BF8E635F-6C75-4A5E-BA2C-711D82D957C9}.Release|Any CPU.Build.0 = Release|Any CPU
		{BF8E635F-6C75-4A5E-BA2C-711D82D957C9}.Release|x64.ActiveCfg = Release|Any CPU
		{BF8E635F-6C75-4A5E-BA2C-711D82D957C9}.Release|x64.Build.0 = Release|Any CPU
		{BF8E635F-6C75-4A5E-BA2C-711D82D957C9}.Release|x86.ActiveCfg = Release|Any CPU
		{BF8E635F-6C75-4A5E-BA2C-711D82D957C9}.Release|x86.Build.0 = Release|Any CPU
		{9B77BFB6-7F88-47AE-8A23-A6D1061713CE}.Debug|Any CPU.ActiveCfg = Debug|Any CPU
		{9B77BFB6-7F88-47AE-8A23-A6D1061713CE}.Debug|Any CPU.Build.0 = Debug|Any CPU
		{9B77BFB6-7F88-47AE-8A23-A6D1061713CE}.Debug|x64.ActiveCfg = Debug|Any CPU
		{9B77BFB6-7F88-47AE-8A23-A6D1061713CE}.Debug|x64.Build.0 = Debug|Any CPU
		{9B77BFB6-7F88-47AE-8A23-A6D1061713CE}.Debug|x86.ActiveCfg = Debug|Any CPU
		{9B77BFB6-7F88-47AE-8A23-A6D1061713CE}.Debug|x86.Build.0 = Debug|Any CPU
		{9B77BFB6-7F88-47AE-8A23-A6D1061713CE}.Release|Any CPU.ActiveCfg = Release|Any CPU
		{9B77BFB6-7F88-47AE-8A23-A6D1061713CE}.Release|Any CPU.Build.0 = Release|Any CPU
		{9B77BFB6-7F88-47AE-8A23-A6D1061713CE}.Release|x64.ActiveCfg = Release|Any CPU
		{9B77BFB6-7F88-47AE-8A23-A6D1061713CE}.Release|x64.Build.0 = Release|Any CPU
		{9B77BFB6-7F88-47AE-8A23-A6D1061713CE}.Release|x86.ActiveCfg = Release|Any CPU
		{9B77BFB6-7F88-47AE-8A23-A6D1061713CE}.Release|x86.Build.0 = Release|Any CPU
		{9470F118-F42F-4BC0-BDC5-DB0092504809}.Debug|Any CPU.ActiveCfg = Debug|Any CPU
		{9470F118-F42F-4BC0-BDC5-DB0092504809}.Debug|Any CPU.Build.0 = Debug|Any CPU
		{9470F118-F42F-4BC0-BDC5-DB0092504809}.Debug|x64.ActiveCfg = Debug|Any CPU
		{9470F118-F42F-4BC0-BDC5-DB0092504809}.Debug|x64.Build.0 = Debug|Any CPU
		{9470F118-F42F-4BC0-BDC5-DB0092504809}.Debug|x86.ActiveCfg = Debug|Any CPU
		{9470F118-F42F-4BC0-BDC5-DB0092504809}.Debug|x86.Build.0 = Debug|Any CPU
		{9470F118-F42F-4BC0-BDC5-DB0092504809}.Release|Any CPU.ActiveCfg = Release|Any CPU
		{9470F118-F42F-4BC0-BDC5-DB0092504809}.Release|Any CPU.Build.0 = Release|Any CPU
		{9470F118-F42F-4BC0-BDC5-DB0092504809}.Release|x64.ActiveCfg = Release|Any CPU
		{9470F118-F42F-4BC0-BDC5-DB0092504809}.Release|x64.Build.0 = Release|Any CPU
		{9470F118-F42F-4BC0-BDC5-DB0092504809}.Release|x86.ActiveCfg = Release|Any CPU
		{9470F118-F42F-4BC0-BDC5-DB0092504809}.Release|x86.Build.0 = Release|Any CPU
		{16D74531-7F85-4384-BF5A-3C0A9A5D4F3E}.Debug|Any CPU.ActiveCfg = Debug|Any CPU
		{16D74531-7F85-4384-BF5A-3C0A9A5D4F3E}.Debug|Any CPU.Build.0 = Debug|Any CPU
		{16D74531-7F85-4384-BF5A-3C0A9A5D4F3E}.Debug|x64.ActiveCfg = Debug|x64
		{16D74531-7F85-4384-BF5A-3C0A9A5D4F3E}.Debug|x64.Build.0 = Debug|x64
		{16D74531-7F85-4384-BF5A-3C0A9A5D4F3E}.Debug|x86.ActiveCfg = Debug|x86
		{16D74531-7F85-4384-BF5A-3C0A9A5D4F3E}.Debug|x86.Build.0 = Debug|x86
		{16D74531-7F85-4384-BF5A-3C0A9A5D4F3E}.Release|Any CPU.ActiveCfg = Release|Any CPU
		{16D74531-7F85-4384-BF5A-3C0A9A5D4F3E}.Release|Any CPU.Build.0 = Release|Any CPU
		{16D74531-7F85-4384-BF5A-3C0A9A5D4F3E}.Release|x64.ActiveCfg = Release|x64
		{16D74531-7F85-4384-BF5A-3C0A9A5D4F3E}.Release|x64.Build.0 = Release|x64
		{16D74531-7F85-4384-BF5A-3C0A9A5D4F3E}.Release|x86.ActiveCfg = Release|x86
		{16D74531-7F85-4384-BF5A-3C0A9A5D4F3E}.Release|x86.Build.0 = Release|x86
		{78732DD2-EF56-4507-AE86-7708EDDCB0BE}.Debug|Any CPU.ActiveCfg = Debug|Any CPU
		{78732DD2-EF56-4507-AE86-7708EDDCB0BE}.Debug|Any CPU.Build.0 = Debug|Any CPU
		{78732DD2-EF56-4507-AE86-7708EDDCB0BE}.Debug|x64.ActiveCfg = Debug|Any CPU
		{78732DD2-EF56-4507-AE86-7708EDDCB0BE}.Debug|x64.Build.0 = Debug|Any CPU
		{78732DD2-EF56-4507-AE86-7708EDDCB0BE}.Debug|x86.ActiveCfg = Debug|Any CPU
		{78732DD2-EF56-4507-AE86-7708EDDCB0BE}.Debug|x86.Build.0 = Debug|Any CPU
		{78732DD2-EF56-4507-AE86-7708EDDCB0BE}.Release|Any CPU.ActiveCfg = Release|Any CPU
		{78732DD2-EF56-4507-AE86-7708EDDCB0BE}.Release|Any CPU.Build.0 = Release|Any CPU
		{78732DD2-EF56-4507-AE86-7708EDDCB0BE}.Release|x64.ActiveCfg = Release|Any CPU
		{78732DD2-EF56-4507-AE86-7708EDDCB0BE}.Release|x64.Build.0 = Release|Any CPU
		{78732DD2-EF56-4507-AE86-7708EDDCB0BE}.Release|x86.ActiveCfg = Release|Any CPU
		{78732DD2-EF56-4507-AE86-7708EDDCB0BE}.Release|x86.Build.0 = Release|Any CPU
		{49770A2F-6B3E-4AC3-8595-17E4355B6552}.Debug|Any CPU.ActiveCfg = Debug|Any CPU
		{49770A2F-6B3E-4AC3-8595-17E4355B6552}.Debug|Any CPU.Build.0 = Debug|Any CPU
		{49770A2F-6B3E-4AC3-8595-17E4355B6552}.Debug|x64.ActiveCfg = Debug|Any CPU
		{49770A2F-6B3E-4AC3-8595-17E4355B6552}.Debug|x64.Build.0 = Debug|Any CPU
		{49770A2F-6B3E-4AC3-8595-17E4355B6552}.Debug|x86.ActiveCfg = Debug|Any CPU
		{49770A2F-6B3E-4AC3-8595-17E4355B6552}.Debug|x86.Build.0 = Debug|Any CPU
		{49770A2F-6B3E-4AC3-8595-17E4355B6552}.Release|Any CPU.ActiveCfg = Release|Any CPU
		{49770A2F-6B3E-4AC3-8595-17E4355B6552}.Release|Any CPU.Build.0 = Release|Any CPU
		{49770A2F-6B3E-4AC3-8595-17E4355B6552}.Release|x64.ActiveCfg = Release|Any CPU
		{49770A2F-6B3E-4AC3-8595-17E4355B6552}.Release|x64.Build.0 = Release|Any CPU
		{49770A2F-6B3E-4AC3-8595-17E4355B6552}.Release|x86.ActiveCfg = Release|Any CPU
		{49770A2F-6B3E-4AC3-8595-17E4355B6552}.Release|x86.Build.0 = Release|Any CPU
	EndGlobalSection
	GlobalSection(SolutionProperties) = preSolution
		HideSolutionNode = FALSE
	EndGlobalSection
EndGlobal
